
Microsoft Visual Studio Solution File, Format Version 10.00
# Visual Studio 2008
Project("{FAE04EC0-301F-11D3-BF4B-00C04F79EFBC}") = "Rudy 103", "Rudy 103.csproj", "{A7C328D6-0B2A-47AF-BB63-1028E2CE8379}"
EndProject
Global
	GlobalSection(SolutionConfigurationPlatforms) = preSolution
		Debug|Any CPU = Debug|Any CPU
		Release|Any CPU = Release|Any CPU
	EndGlobalSection
	GlobalSection(ProjectConfigurationPlatforms) = postSolution
		{A7C328D6-0B2A-47AF-BB63-1028E2CE8379}.Debug|Any CPU.ActiveCfg = Debug|Any CPU
		{A7C328D6-0B2A-47AF-BB63-1028E2CE8379}.Debug|Any CPU.Build.0 = Debug|Any CPU
		{A7C328D6-0B2A-47AF-BB63-1028E2CE8379}.Debug|Any CPU.Deploy.0 = Debug|Any CPU
		{A7C328D6-0B2A-47AF-BB63-1028E2CE8379}.Release|Any CPU.ActiveCfg = Release|Any CPU
		{A7C328D6-0B2A-47AF-BB63-1028E2CE8379}.Release|Any CPU.Build.0 = Release|Any CPU
		{A7C328D6-0B2A-47AF-BB63-1028E2CE8379}.Release|Any CPU.Deploy.0 = Release|Any CPU
	EndGlobalSection
	GlobalSection(SolutionProperties) = preSolution
		HideSolutionNode = FALSE
	EndGlobalSection
EndGlobal
